// !$*UTF8*$!
{
	archiveVersion = 1;
	classes = {
	};
	objectVersion = 46;
	objects = {

/* Begin PBXBuildFile section */
		B72FEBBB1EF6ECC600ED9E02 /* MealTableViewController.swift in Sources */ = {isa = PBXBuildFile; fileRef = B72FEBBA1EF6ECC600ED9E02 /* MealTableViewController.swift */; };
		B745FB9A1EF30A2000D2491B /* Meal.swift in Sources */ = {isa = PBXBuildFile; fileRef = B745FB991EF30A2000D2491B /* Meal.swift */; };
		B745FB9B1EF30A2000D2491B /* Meal.swift in Sources */ = {isa = PBXBuildFile; fileRef = B745FB991EF30A2000D2491B /* Meal.swift */; };
		B745FB9D1EF3186400D2491B /* MealTableViewCell.swift in Sources */ = {isa = PBXBuildFile; fileRef = B745FB9C1EF3186400D2491B /* MealTableViewCell.swift */; };
		B76804481ED6962F00C8B3CA /* AppDelegate.swift in Sources */ = {isa = PBXBuildFile; fileRef = B76804471ED6962F00C8B3CA /* AppDelegate.swift */; };
		B768044A1ED6962F00C8B3CA /* MealViewController.swift in Sources */ = {isa = PBXBuildFile; fileRef = B76804491ED6962F00C8B3CA /* MealViewController.swift */; };
		B768044D1ED6962F00C8B3CA /* Main.storyboard in Resources */ = {isa = PBXBuildFile; fileRef = B768044B1ED6962F00C8B3CA /* Main.storyboard */; };
		B768044F1ED6962F00C8B3CA /* Assets.xcassets in Resources */ = {isa = PBXBuildFile; fileRef = B768044E1ED6962F00C8B3CA /* Assets.xcassets */; };
		B76804521ED6962F00C8B3CA /* LaunchScreen.storyboard in Resources */ = {isa = PBXBuildFile; fileRef = B76804501ED6962F00C8B3CA /* LaunchScreen.storyboard */; };
		B768045D1ED6962F00C8B3CA /* FoodTrackerTests.swift in Sources */ = {isa = PBXBuildFile; fileRef = B768045C1ED6962F00C8B3CA /* FoodTrackerTests.swift */; };
		B793258A1EDFD591000D6E7B /* RatingControl.swift in Sources */ = {isa = PBXBuildFile; fileRef = B79325891EDFD591000D6E7B /* RatingControl.swift */; };
/* End PBXBuildFile section */

/* Begin PBXContainerItemProxy section */
		B76804591ED6962F00C8B3CA /* PBXContainerItemProxy */ = {
			isa = PBXContainerItemProxy;
			containerPortal = B768043C1ED6962F00C8B3CA /* Project object */;
			proxyType = 1;
			remoteGlobalIDString = B76804431ED6962F00C8B3CA;
			remoteInfo = FoodTracker;
		};
/* End PBXContainerItemProxy section */

/* Begin PBXFileReference section */
		B72FEBBA1EF6ECC600ED9E02 /* MealTableViewController.swift */ = {isa = PBXFileReference; fileEncoding = 4; lastKnownFileType = sourcecode.swift; path = MealTableViewController.swift; sourceTree = "<group>"; };
		B745FB991EF30A2000D2491B /* Meal.swift */ = {isa = PBXFileReference; fileEncoding = 4; lastKnownFileType = sourcecode.swift; name = Meal.swift; path = ../Meal.swift; sourceTree = "<group>"; };
		B745FB9C1EF3186400D2491B /* MealTableViewCell.swift */ = {isa = PBXFileReference; fileEncoding = 4; lastKnownFileType = sourcecode.swift; path = MealTableViewCell.swift; sourceTree = "<group>"; };
		B76804441ED6962F00C8B3CA /* FoodTracker.app */ = {isa = PBXFileReference; explicitFileType = wrapper.application; includeInIndex = 0; path = FoodTracker.app; sourceTree = BUILT_PRODUCTS_DIR; };
		B76804471ED6962F00C8B3CA /* AppDelegate.swift */ = {isa = PBXFileReference; lastKnownFileType = sourcecode.swift; path = AppDelegate.swift; sourceTree = "<group>"; };
		B76804491ED6962F00C8B3CA /* MealViewController.swift */ = {isa = PBXFileReference; lastKnownFileType = sourcecode.swift; path = MealViewController.swift; sourceTree = "<group>"; };
		B768044C1ED6962F00C8B3CA /* Base */ = {isa = PBXFileReference; lastKnownFileType = file.storyboard; name = Base; path = Base.lproj/Main.storyboard; sourceTree = "<group>"; };
		B768044E1ED6962F00C8B3CA /* Assets.xcassets */ = {isa = PBXFileReference; lastKnownFileType = folder.assetcatalog; path = Assets.xcassets; sourceTree = "<group>"; };
		B76804511ED6962F00C8B3CA /* Base */ = {isa = PBXFileReference; lastKnownFileType = file.storyboard; name = Base; path = Base.lproj/LaunchScreen.storyboard; sourceTree = "<group>"; };
		B76804531ED6962F00C8B3CA /* Info.plist */ = {isa = PBXFileReference; lastKnownFileType = text.plist.xml; path = Info.plist; sourceTree = "<group>"; };
		B76804581ED6962F00C8B3CA /* FoodTrackerTests.xctest */ = {isa = PBXFileReference; explicitFileType = wrapper.cfbundle; includeInIndex = 0; path = FoodTrackerTests.xctest; sourceTree = BUILT_PRODUCTS_DIR; };
		B768045C1ED6962F00C8B3CA /* FoodTrackerTests.swift */ = {isa = PBXFileReference; lastKnownFileType = sourcecode.swift; path = FoodTrackerTests.swift; sourceTree = "<group>"; };
		B768045E1ED6962F00C8B3CA /* Info.plist */ = {isa = PBXFileReference; lastKnownFileType = text.plist.xml; path = Info.plist; sourceTree = "<group>"; };
		B79325891EDFD591000D6E7B /* RatingControl.swift */ = {isa = PBXFileReference; fileEncoding = 4; lastKnownFileType = sourcecode.swift; path = RatingControl.swift; sourceTree = "<group>"; };
/* End PBXFileReference section */

/* Begin PBXFrameworksBuildPhase section */
		B76804411ED6962F00C8B3CA /* Frameworks */ = {
			isa = PBXFrameworksBuildPhase;
			buildActionMask = 2147483647;
			files = (
			);
			runOnlyForDeploymentPostprocessing = 0;
		};
		B76804551ED6962F00C8B3CA /* Frameworks */ = {
			isa = PBXFrameworksBuildPhase;
			buildActionMask = 2147483647;
			files = (
			);
			runOnlyForDeploymentPostprocessing = 0;
		};
/* End PBXFrameworksBuildPhase section */

/* Begin PBXGroup section */
		B768043B1ED6962F00C8B3CA = {
			isa = PBXGroup;
			children = (
				B76804461ED6962F00C8B3CA /* FoodTracker */,
				B768045B1ED6962F00C8B3CA /* FoodTrackerTests */,
				B76804451ED6962F00C8B3CA /* Products */,
			);
			sourceTree = "<group>";
		};
		B76804451ED6962F00C8B3CA /* Products */ = {
			isa = PBXGroup;
			children = (
				B76804441ED6962F00C8B3CA /* FoodTracker.app */,
				B76804581ED6962F00C8B3CA /* FoodTrackerTests.xctest */,
			);
			name = Products;
			sourceTree = "<group>";
		};
		B76804461ED6962F00C8B3CA /* FoodTracker */ = {
			isa = PBXGroup;
			children = (
				B745FB991EF30A2000D2491B /* Meal.swift */,
				B76804471ED6962F00C8B3CA /* AppDelegate.swift */,
				B76804491ED6962F00C8B3CA /* MealViewController.swift */,
				B79325891EDFD591000D6E7B /* RatingControl.swift */,
				B768044B1ED6962F00C8B3CA /* Main.storyboard */,
				B745FB9C1EF3186400D2491B /* MealTableViewCell.swift */,
				B768044E1ED6962F00C8B3CA /* Assets.xcassets */,
				B76804501ED6962F00C8B3CA /* LaunchScreen.storyboard */,
				B76804531ED6962F00C8B3CA /* Info.plist */,
				B72FEBBA1EF6ECC600ED9E02 /* MealTableViewController.swift */,
			);
			path = FoodTracker;
			sourceTree = "<group>";
		};
		B768045B1ED6962F00C8B3CA /* FoodTrackerTests */ = {
			isa = PBXGroup;
			children = (
				B768045C1ED6962F00C8B3CA /* FoodTrackerTests.swift */,
				B768045E1ED6962F00C8B3CA /* Info.plist */,
			);
			path = FoodTrackerTests;
			sourceTree = "<group>";
		};
/* End PBXGroup section */

/* Begin PBXNativeTarget section */
		B76804431ED6962F00C8B3CA /* FoodTracker */ = {
			isa = PBXNativeTarget;
			buildConfigurationList = B76804611ED6962F00C8B3CA /* Build configuration list for PBXNativeTarget "FoodTracker" */;
			buildPhases = (
				B76804401ED6962F00C8B3CA /* Sources */,
				B76804411ED6962F00C8B3CA /* Frameworks */,
				B76804421ED6962F00C8B3CA /* Resources */,
			);
			buildRules = (
			);
			dependencies = (
			);
			name = FoodTracker;
			productName = FoodTracker;
			productReference = B76804441ED6962F00C8B3CA /* FoodTracker.app */;
			productType = "com.apple.product-type.application";
		};
		B76804571ED6962F00C8B3CA /* FoodTrackerTests */ = {
			isa = PBXNativeTarget;
			buildConfigurationList = B76804641ED6962F00C8B3CA /* Build configuration list for PBXNativeTarget "FoodTrackerTests" */;
			buildPhases = (
				B76804541ED6962F00C8B3CA /* Sources */,
				B76804551ED6962F00C8B3CA /* Frameworks */,
				B76804561ED6962F00C8B3CA /* Resources */,
			);
			buildRules = (
			);
			dependencies = (
				B768045A1ED6962F00C8B3CA /* PBXTargetDependency */,
			);
			name = FoodTrackerTests;
			productName = FoodTrackerTests;
			productReference = B76804581ED6962F00C8B3CA /* FoodTrackerTests.xctest */;
			productType = "com.apple.product-type.bundle.unit-test";
		};
/* End PBXNativeTarget section */

/* Begin PBXProject section */
		B768043C1ED6962F00C8B3CA /* Project object */ = {
			isa = PBXProject;
			attributes = {
				LastSwiftUpdateCheck = 0830;
				LastUpgradeCheck = 0830;
				ORGANIZATIONNAME = "高橋佑太";
				TargetAttributes = {
					B76804431ED6962F00C8B3CA = {
						CreatedOnToolsVersion = 8.3.2;
						DevelopmentTeam = R2L729GMUC;
						ProvisioningStyle = Automatic;
					};
					B76804571ED6962F00C8B3CA = {
						CreatedOnToolsVersion = 8.3.2;
						DevelopmentTeam = R2L729GMUC;
						ProvisioningStyle = Automatic;
						TestTargetID = B76804431ED6962F00C8B3CA;
					};
				};
			};
			buildConfigurationList = B768043F1ED6962F00C8B3CA /* Build configuration list for PBXProject "FoodTracker" */;
			compatibilityVersion = "Xcode 3.2";
			developmentRegion = English;
			hasScannedForEncodings = 0;
			knownRegions = (
				en,
				Base,
			);
			mainGroup = B768043B1ED6962F00C8B3CA;
			productRefGroup = B76804451ED6962F00C8B3CA /* Products */;
			projectDirPath = "";
			projectRoot = "";
			targets = (
				B76804431ED6962F00C8B3CA /* FoodTracker */,
				B76804571ED6962F00C8B3CA /* FoodTrackerTests */,
			);
		};
/* End PBXProject section */

/* Begin PBXResourcesBuildPhase section */
		B76804421ED6962F00C8B3CA /* Resources */ = {
			isa = PBXResourcesBuildPhase;
			buildActionMask = 2147483647;
			files = (
				B76804521ED6962F00C8B3CA /* LaunchScreen.storyboard in Resources */,
				B768044F1ED6962F00C8B3CA /* Assets.xcassets in Resources */,
				B768044D1ED6962F00C8B3CA /* Main.storyboard in Resources */,
			);
			runOnlyForDeploymentPostprocessing = 0;
		};
		B76804561ED6962F00C8B3CA /* Resources */ = {
			isa = PBXResourcesBuildPhase;
			buildActionMask = 2147483647;
			files = (
			);
			runOnlyForDeploymentPostprocessing = 0;
		};
/* End PBXResourcesBuildPhase section */

/* Begin PBXSourcesBuildPhase section */
		B76804401ED6962F00C8B3CA /* Sources */ = {
			isa = PBXSourcesBuildPhase;
			buildActionMask = 2147483647;
			files = (
				B745FB9A1EF30A2000D2491B /* Meal.swift in Sources */,
				B768044A1ED6962F00C8B3CA /* MealViewController.swift in Sources */,
				B793258A1EDFD591000D6E7B /* RatingControl.swift in Sources */,
				B76804481ED6962F00C8B3CA /* AppDelegate.swift in Sources */,
				B72FEBBB1EF6ECC600ED9E02 /* MealTableViewController.swift in Sources */,
				B745FB9D1EF3186400D2491B /* MealTableViewCell.swift in Sources */,
			);
			runOnlyForDeploymentPostprocessing = 0;
		};
		B76804541ED6962F00C8B3CA /* Sources */ = {
			isa = PBXSourcesBuildPhase;
			buildActionMask = 2147483647;
			files = (
				B745FB9B1EF30A2000D2491B /* Meal.swift in Sources */,
				B768045D1ED6962F00C8B3CA /* FoodTrackerTests.swift in Sources */,
			);
			runOnlyForDeploymentPostprocessing = 0;
		};
/* End PBXSourcesBuildPhase section */

/* Begin PBXTargetDependency section */
		B768045A1ED6962F00C8B3CA /* PBXTargetDependency */ = {
			isa = PBXTargetDependency;
			target = B76804431ED6962F00C8B3CA /* FoodTracker */;
			targetProxy = B76804591ED6962F00C8B3CA /* PBXContainerItemProxy */;
		};
/* End PBXTargetDependency section */

/* Begin PBXVariantGroup section */
		B768044B1ED6962F00C8B3CA /* Main.storyboard */ = {
			isa = PBXVariantGroup;
			children = (
				B768044C1ED6962F00C8B3CA /* Base */,
			);
			name = Main.storyboard;
			sourceTree = "<group>";
		};
		B76804501ED6962F00C8B3CA /* LaunchScreen.storyboard */ = {
			isa = PBXVariantGroup;
			children = (
				B76804511ED6962F00C8B3CA /* Base */,
			);
			name = LaunchScreen.storyboard;
			sourceTree = "<group>";
		};
/* End PBXVariantGroup section */

/* Begin XCBuildConfiguration section */
		B768045F1ED6962F00C8B3CA /* Debug */ = {
			isa = XCBuildConfiguration;
			buildSettings = {
				ALWAYS_SEARCH_USER_PATHS = NO;
				CLANG_ANALYZER_NONNULL = YES;
				CLANG_ANALYZER_NUMBER_OBJECT_CONVERSION = YES_AGGRESSIVE;
				CLANG_CXX_LANGUAGE_STANDARD = "gnu++0x";
				CLANG_CXX_LIBRARY = "libc++";
				CLANG_ENABLE_MODULES = YES;
				CLANG_ENABLE_OBJC_ARC = YES;
				CLANG_WARN_BOOL_CONVERSION = YES;
				CLANG_WARN_CONSTANT_CONVERSION = YES;
				CLANG_WARN_DIRECT_OBJC_ISA_USAGE = YES_ERROR;
				CLANG_WARN_DOCUMENTATION_COMMENTS = YES;
				CLANG_WARN_EMPTY_BODY = YES;
				CLANG_WARN_ENUM_CONVERSION = YES;
				CLANG_WARN_INFINITE_RECURSION = YES;
				CLANG_WARN_INT_CONVERSION = YES;
				CLANG_WARN_OBJC_ROOT_CLASS = YES_ERROR;
				CLANG_WARN_SUSPICIOUS_MOVE = YES;
				CLANG_WARN_UNREACHABLE_CODE = YES;
				CLANG_WARN__DUPLICATE_METHOD_MATCH = YES;
				"CODE_SIGN_IDENTITY[sdk=iphoneos*]" = "iPhone Developer";
				COPY_PHASE_STRIP = NO;
				DEBUG_INFORMATION_FORMAT = dwarf;
				ENABLE_STRICT_OBJC_MSGSEND = YES;
				ENABLE_TESTABILITY = YES;
				GCC_C_LANGUAGE_STANDARD = gnu99;
				GCC_DYNAMIC_NO_PIC = NO;
				GCC_NO_COMMON_BLOCKS = YES;
				GCC_OPTIMIZATION_LEVEL = 0;
				GCC_PREPROCESSOR_DEFINITIONS = (
					"DEBUG=1",
					"$(inherited)",
				);
				GCC_WARN_64_TO_32_BIT_CONVERSION = YES;
				GCC_WARN_ABOUT_RETURN_TYPE = YES_ERROR;
				GCC_WARN_UNDECLARED_SELECTOR = YES;
				GCC_WARN_UNINITIALIZED_AUTOS = YES_AGGRESSIVE;
				GCC_WARN_UNUSED_FUNCTION = YES;
				GCC_WARN_UNUSED_VARIABLE = YES;
				IPHONEOS_DEPLOYMENT_TARGET = 10.3;
				MTL_ENABLE_DEBUG_INFO = YES;
				ONLY_ACTIVE_ARCH = YES;
				SDKROOT = iphoneos;
				SWIFT_ACTIVE_COMPILATION_CONDITIONS = DEBUG;
				SWIFT_OPTIMIZATION_LEVEL = "-Onone";
				TARGETED_DEVICE_FAMILY = "1,2";
			};
			name = Debug;
		};
		B76804601ED6962F00C8B3CA /* Release */ = {
			isa = XCBuildConfiguration;
			buildSettings = {
				ALWAYS_SEARCH_USER_PATHS = NO;
				CLANG_ANALYZER_NONNULL = YES;
				CLANG_ANALYZER_NUMBER_OBJECT_CONVERSION = YES_AGGRESSIVE;
				CLANG_CXX_LANGUAGE_STANDARD = "gnu++0x";
				CLANG_CXX_LIBRARY = "libc++";
				CLANG_ENABLE_MODULES = YES;
				CLANG_ENABLE_OBJC_ARC = YES;
				CLANG_WARN_BOOL_CONVERSION = YES;
				CLANG_WARN_CONSTANT_CONVERSION = YES;
				CLANG_WARN_DIRECT_OBJC_ISA_USAGE = YES_ERROR;
				CLANG_WARN_DOCUMENTATION_COMMENTS = YES;
				CLANG_WARN_EMPTY_BODY = YES;
				CLANG_WARN_ENUM_CONVERSION = YES;
				CLANG_WARN_INFINITE_RECURSION = YES;
				CLANG_WARN_INT_CONVERSION = YES;
				CLANG_WARN_OBJC_ROOT_CLASS = YES_ERROR;
				CLANG_WARN_SUSPICIOUS_MOVE = YES;
				CLANG_WARN_UNREACHABLE_CODE = YES;
				CLANG_WARN__DUPLICATE_METHOD_MATCH = YES;
				"CODE_SIGN_IDENTITY[sdk=iphoneos*]" = "iPhone Developer";
				COPY_PHASE_STRIP = NO;
				DEBUG_INFORMATION_FORMAT = "dwarf-with-dsym";
				ENABLE_NS_ASSERTIONS = NO;
				ENABLE_STRICT_OBJC_MSGSEND = YES;
				GCC_C_LANGUAGE_STANDARD = gnu99;
				GCC_NO_COMMON_BLOCKS = YES;
				GCC_WARN_64_TO_32_BIT_CONVERSION = YES;
				GCC_WARN_ABOUT_RETURN_TYPE = YES_ERROR;
				GCC_WARN_UNDECLARED_SELECTOR = YES;
				GCC_WARN_UNINITIALIZED_AUTOS = YES_AGGRESSIVE;
				GCC_WARN_UNUSED_FUNCTION = YES;
				GCC_WARN_UNUSED_VARIABLE = YES;
				IPHONEOS_DEPLOYMENT_TARGET = 10.3;
				MTL_ENABLE_DEBUG_INFO = NO;
				SDKROOT = iphoneos;
				SWIFT_OPTIMIZATION_LEVEL = "-Owholemodule";
				TARGETED_DEVICE_FAMILY = "1,2";
				VALIDATE_PRODUCT = YES;
			};
			name = Release;
		};
		B76804621ED6962F00C8B3CA /* Debug */ = {
			isa = XCBuildConfiguration;
			buildSettings = {
				ASSETCATALOG_COMPILER_APPICON_NAME = AppIcon;
				DEVELOPMENT_TEAM = R2L729GMUC;
				INFOPLIST_FILE = FoodTracker/Info.plist;
				LD_RUNPATH_SEARCH_PATHS = "$(inherited) @executable_path/Frameworks";
				PRODUCT_BUNDLE_IDENTIFIER = YT.FoodTracker;
				PRODUCT_NAME = "$(TARGET_NAME)";
				SWIFT_VERSION = 3.0;
			};
			name = Debug;
		};
		B76804631ED6962F00C8B3CA /* Release */ = {
			isa = XCBuildConfiguration;
			buildSettings = {
				ASSETCATALOG_COMPILER_APPICON_NAME = AppIcon;
				DEVELOPMENT_TEAM = R2L729GMUC;
				INFOPLIST_FILE = FoodTracker/Info.plist;
				LD_RUNPATH_SEARCH_PATHS = "$(inherited) @executable_path/Frameworks";
				PRODUCT_BUNDLE_IDENTIFIER = YT.FoodTracker;
				PRODUCT_NAME = "$(TARGET_NAME)";
				SWIFT_VERSION = 3.0;
			};
			name = Release;
		};
		B76804651ED6962F00C8B3CA /* Debug */ = {
			isa = XCBuildConfiguration;
			buildSettings = {
				ALWAYS_EMBED_SWIFT_STANDARD_LIBRARIES = YES;
				BUNDLE_LOADER = "$(TEST_HOST)";
				DEVELOPMENT_TEAM = R2L729GMUC;
				INFOPLIST_FILE = FoodTrackerTests/Info.plist;
				LD_RUNPATH_SEARCH_PATHS = "$(inherited) @executable_path/Frameworks @loader_path/Frameworks";
				PRODUCT_BUNDLE_IDENTIFIER = YT.FoodTrackerTests;
				PRODUCT_NAME = "$(TARGET_NAME)";
				SWIFT_VERSION = 3.0;
				TEST_HOST = "$(BUILT_PRODUCTS_DIR)/FoodTracker.app/FoodTracker";
			};
			name = Debug;
		};
		B76804661ED6962F00C8B3CA /* Release */ = {
			isa = XCBuildConfiguration;
			buildSettings = {
				ALWAYS_EMBED_SWIFT_STANDARD_LIBRARIES = YES;
				BUNDLE_LOADER = "$(TEST_HOST)";
				DEVELOPMENT_TEAM = R2L729GMUC;
				INFOPLIST_FILE = FoodTrackerTests/Info.plist;
				LD_RUNPATH_SEARCH_PATHS = "$(inherited) @executable_path/Frameworks @loader_path/Frameworks";
				PRODUCT_BUNDLE_IDENTIFIER = YT.FoodTrackerTests;
				PRODUCT_NAME = "$(TARGET_NAME)";
				SWIFT_VERSION = 3.0;
				TEST_HOST = "$(BUILT_PRODUCTS_DIR)/FoodTracker.app/FoodTracker";
			};
			name = Release;
		};
/* End XCBuildConfiguration section */

/* Begin XCConfigurationList section */
		B768043F1ED6962F00C8B3CA /* Build configuration list for PBXProject "FoodTracker" */ = {
			isa = XCConfigurationList;
			buildConfigurations = (
				B768045F1ED6962F00C8B3CA /* Debug */,
				B76804601ED6962F00C8B3CA /* Release */,
			);
			defaultConfigurationIsVisible = 0;
			defaultConfigurationName = Release;
		};
		B76804611ED6962F00C8B3CA /* Build configuration list for PBXNativeTarget "FoodTracker" */ = {
			isa = XCConfigurationList;
			buildConfigurations = (
				B76804621ED6962F00C8B3CA /* Debug */,
				B76804631ED6962F00C8B3CA /* Release */,
			);
			defaultConfigurationIsVisible = 0;
			defaultConfigurationName = Release;
		};
		B76804641ED6962F00C8B3CA /* Build configuration list for PBXNativeTarget "FoodTrackerTests" */ = {
			isa = XCConfigurationList;
			buildConfigurations = (
				B76804651ED6962F00C8B3CA /* Debug */,
				B76804661ED6962F00C8B3CA /* Release */,
			);
			defaultConfigurationIsVisible = 0;
			defaultConfigurationName = Release;
		};
/* End XCConfigurationList section */
	};
	rootObject = B768043C1ED6962F00C8B3CA /* Project object */;
}
